
Microsoft Visual Studio Solution File, Format Version 12.00
# Visual Studio Version 16
VisualStudioVersion = 16.0.31613.86
MinimumVisualStudioVersion = 10.0.40219.1
Project("{9A19103F-16F7-4668-BE54-9A1E7A4F7556}") = "Classrooms2021", "Classrooms2021\Classrooms2021.csproj", "{F8C081BC-70B9-4992-8080-C4DFE3CF6FC3}"
EndProject
Global
	GlobalSection(SolutionConfigurationPlatforms) = preSolution
		Debug|Any CPU = Debug|Any CPU
		Release|Any CPU = Release|Any CPU
	EndGlobalSection
	GlobalSection(ProjectConfigurationPlatforms) = postSolution
		{F8C081BC-70B9-4992-8080-C4DFE3CF6FC3}.Debug|Any CPU.ActiveCfg = Debug|Any CPU
		{F8C081BC-70B9-4992-8080-C4DFE3CF6FC3}.Debug|Any CPU.Build.0 = Debug|Any CPU
		{F8C081BC-70B9-4992-8080-C4DFE3CF6FC3}.Release|Any CPU.ActiveCfg = Release|Any CPU
		{F8C081BC-70B9-4992-8080-C4DFE3CF6FC3}.Release|Any CPU.Build.0 = Release|Any CPU
	EndGlobalSection
	GlobalSection(SolutionProperties) = preSolution
		HideSolutionNode = FALSE
	EndGlobalSection
	GlobalSection(ExtensibilityGlobals) = postSolution
		SolutionGuid = {DA5E587D-1623-45BB-9FD7-4EAEF0324CBF}
	EndGlobalSection
EndGlobal
